{
  "name": "nadzorko",
  "version": "1.0.0",
  "lockfileVersion": 3,
  "requires": true,
  "packages": {
    "": {
      "name": "nadzorko",
      "version": "1.0.0",
      "license": "ISC",
      "dependencies": {
        "maplibregl-mapbox-request-transformer": "^0.0.2"
      }
    },
    "node_modules/maplibregl-mapbox-request-transformer": {
      "version": "0.0.2",
      "resolved": "https://registry.npmjs.org/maplibregl-mapbox-request-transformer/-/maplibregl-mapbox-request-transformer-0.0.2.tgz",
      "integrity": "sha512-P4QLyebbrtfAxwYX5ThKRDn2FT77CFxjQ9a5HtmP9l4s3ddwyjD6cpNjwYf2Hl9OApnD7yP3IpdrCCn0S9fI0g=="
    }
  }
}
